
Microsoft Visual Studio Solution File, Format Version 12.00
# Visual Studio Version 16
VisualStudioVersion = 16.0.29926.136
MinimumVisualStudioVersion = 10.0.40219.1
Project("{FAE04EC0-301F-11D3-BF4B-00C04F79EFBC}") = "BDLocal.Android", "BDLocal\BDLocal.Android\BDLocal.Android.csproj", "{EFF6064E-35A4-4F4D-BA12-8C0D34E95845}"
EndProject
Project("{FAE04EC0-301F-11D3-BF4B-00C04F79EFBC}") = "BDLocal.iOS", "BDLocal\BDLocal.iOS\BDLocal.iOS.csproj", "{1B2E4168-998C-49F8-B408-CF35D96ABFA8}"
EndProject
Project("{9A19103F-16F7-4668-BE54-9A1E7A4F7556}") = "BDLocal", "BDLocal\BDLocal\BDLocal.csproj", "{4E587739-C8DD-494B-8947-5A4E97539087}"
EndProject
Global
	GlobalSection(SolutionConfigurationPlatforms) = preSolution
		Debug|Any CPU = Debug|Any CPU
		Debug|iPhone = Debug|iPhone
		Debug|iPhoneSimulator = Debug|iPhoneSimulator
		Release|Any CPU = Release|Any CPU
		Release|iPhone = Release|iPhone
		Release|iPhoneSimulator = Release|iPhoneSimulator
	EndGlobalSection
	GlobalSection(ProjectConfigurationPlatforms) = postSolution
		{EFF6064E-35A4-4F4D-BA12-8C0D34E95845}.Debug|Any CPU.ActiveCfg = Debug|Any CPU
		{EFF6064E-35A4-4F4D-BA12-8C0D34E95845}.Debug|Any CPU.Build.0 = Debug|Any CPU
		{EFF6064E-35A4-4F4D-BA12-8C0D34E95845}.Debug|Any CPU.Deploy.0 = Debug|Any CPU
		{EFF6064E-35A4-4F4D-BA12-8C0D34E95845}.Debug|iPhone.ActiveCfg = Debug|Any CPU
		{EFF6064E-35A4-4F4D-BA12-8C0D34E95845}.Debug|iPhone.Build.0 = Debug|Any CPU
		{EFF6064E-35A4-4F4D-BA12-8C0D34E95845}.Debug|iPhone.Deploy.0 = Debug|Any CPU
		{EFF6064E-35A4-4F4D-BA12-8C0D34E95845}.Debug|iPhoneSimulator.ActiveCfg = Debug|Any CPU
		{EFF6064E-35A4-4F4D-BA12-8C0D34E95845}.Debug|iPhoneSimulator.Build.0 = Debug|Any CPU
		{EFF6064E-35A4-4F4D-BA12-8C0D34E95845}.Debug|iPhoneSimulator.Deploy.0 = Debug|Any CPU
		{EFF6064E-35A4-4F4D-BA12-8C0D34E95845}.Release|Any CPU.ActiveCfg = Release|Any CPU
		{EFF6064E-35A4-4F4D-BA12-8C0D34E95845}.Release|Any CPU.Build.0 = Release|Any CPU
		{EFF6064E-35A4-4F4D-BA12-8C0D34E95845}.Release|Any CPU.Deploy.0 = Release|Any CPU
		{EFF6064E-35A4-4F4D-BA12-8C0D34E95845}.Release|iPhone.ActiveCfg = Release|Any CPU
		{EFF6064E-35A4-4F4D-BA12-8C0D34E95845}.Release|iPhone.Build.0 = Release|Any CPU
		{EFF6064E-35A4-4F4D-BA12-8C0D34E95845}.Release|iPhone.Deploy.0 = Release|Any CPU
		{EFF6064E-35A4-4F4D-BA12-8C0D34E95845}.Release|iPhoneSimulator.ActiveCfg = Release|Any CPU
		{EFF6064E-35A4-4F4D-BA12-8C0D34E95845}.Release|iPhoneSimulator.Build.0 = Release|Any CPU
		{EFF6064E-35A4-4F4D-BA12-8C0D34E95845}.Release|iPhoneSimulator.Deploy.0 = Release|Any CPU
		{1B2E4168-998C-49F8-B408-CF35D96ABFA8}.Debug|Any CPU.ActiveCfg = Debug|iPhone
		{1B2E4168-998C-49F8-B408-CF35D96ABFA8}.Debug|Any CPU.Build.0 = Debug|iPhone
		{1B2E4168-998C-49F8-B408-CF35D96ABFA8}.Debug|Any CPU.Deploy.0 = Debug|iPhone
		{1B2E4168-998C-49F8-B408-CF35D96ABFA8}.Debug|iPhone.ActiveCfg = Debug|iPhone
		{1B2E4168-998C-49F8-B408-CF35D96ABFA8}.Debug|iPhone.Build.0 = Debug|iPhone
		{1B2E4168-998C-49F8-B408-CF35D96ABFA8}.Debug|iPhone.Deploy.0 = Debug|iPhone
		{1B2E4168-998C-49F8-B408-CF35D96ABFA8}.Debug|iPhoneSimulator.ActiveCfg = Debug|iPhoneSimulator
		{1B2E4168-998C-49F8-B408-CF35D96ABFA8}.Debug|iPhoneSimulator.Build.0 = Debug|iPhoneSimulator
		{1B2E4168-998C-49F8-B408-CF35D96ABFA8}.Debug|iPhoneSimulator.Deploy.0 = Debug|iPhoneSimulator
		{1B2E4168-998C-49F8-B408-CF35D96ABFA8}.Release|Any CPU.ActiveCfg = Release|iPhone
		{1B2E4168-998C-49F8-B408-CF35D96ABFA8}.Release|Any CPU.Build.0 = Release|iPhone
		{1B2E4168-998C-49F8-B408-CF35D96ABFA8}.Release|Any CPU.Deploy.0 = Release|iPhone
		{1B2E4168-998C-49F8-B408-CF35D96ABFA8}.Release|iPhone.ActiveCfg = Release|iPhone
		{1B2E4168-998C-49F8-B408-CF35D96ABFA8}.Release|iPhone.Build.0 = Release|iPhone
		{1B2E4168-998C-49F8-B408-CF35D96ABFA8}.Release|iPhone.Deploy.0 = Release|iPhone
		{1B2E4168-998C-49F8-B408-CF35D96ABFA8}.Release|iPhoneSimulator.ActiveCfg = Release|iPhoneSimulator
		{1B2E4168-998C-49F8-B408-CF35D96ABFA8}.Release|iPhoneSimulator.Build.0 = Release|iPhoneSimulator
		{1B2E4168-998C-49F8-B408-CF35D96ABFA8}.Release|iPhoneSimulator.Deploy.0 = Release|iPhoneSimulator
		{4E587739-C8DD-494B-8947-5A4E97539087}.Debug|Any CPU.ActiveCfg = Debug|Any CPU
		{4E587739-C8DD-494B-8947-5A4E97539087}.Debug|Any CPU.Build.0 = Debug|Any CPU
		{4E587739-C8DD-494B-8947-5A4E97539087}.Debug|Any CPU.Deploy.0 = Debug|Any CPU
		{4E587739-C8DD-494B-8947-5A4E97539087}.Debug|iPhone.ActiveCfg = Debug|Any CPU
		{4E587739-C8DD-494B-8947-5A4E97539087}.Debug|iPhone.Build.0 = Debug|Any CPU
		{4E587739-C8DD-494B-8947-5A4E97539087}.Debug|iPhone.Deploy.0 = Debug|Any CPU
		{4E587739-C8DD-494B-8947-5A4E97539087}.Debug|iPhoneSimulator.ActiveCfg = Debug|Any CPU
		{4E587739-C8DD-494B-8947-5A4E97539087}.Debug|iPhoneSimulator.Build.0 = Debug|Any CPU
		{4E587739-C8DD-494B-8947-5A4E97539087}.Debug|iPhoneSimulator.Deploy.0 = Debug|Any CPU
		{4E587739-C8DD-494B-8947-5A4E97539087}.Release|Any CPU.ActiveCfg = Release|Any CPU
		{4E587739-C8DD-494B-8947-5A4E97539087}.Release|Any CPU.Build.0 = Release|Any CPU
		{4E587739-C8DD-494B-8947-5A4E97539087}.Release|Any CPU.Deploy.0 = Release|Any CPU
		{4E587739-C8DD-494B-8947-5A4E97539087}.Release|iPhone.ActiveCfg = Release|Any CPU
		{4E587739-C8DD-494B-8947-5A4E97539087}.Release|iPhone.Build.0 = Release|Any CPU
		{4E587739-C8DD-494B-8947-5A4E97539087}.Release|iPhone.Deploy.0 = Release|Any CPU
		{4E587739-C8DD-494B-8947-5A4E97539087}.Release|iPhoneSimulator.ActiveCfg = Release|Any CPU
		{4E587739-C8DD-494B-8947-5A4E97539087}.Release|iPhoneSimulator.Build.0 = Release|Any CPU
		{4E587739-C8DD-494B-8947-5A4E97539087}.Release|iPhoneSimulator.Deploy.0 = Release|Any CPU
	EndGlobalSection
	GlobalSection(SolutionProperties) = preSolution
		HideSolutionNode = FALSE
	EndGlobalSection
	GlobalSection(ExtensibilityGlobals) = postSolution
		SolutionGuid = {6746E56E-B7A5-4D07-9F6E-B9525D4E049D}
	EndGlobalSection
EndGlobal
